// !$*UTF8*$!
{
	archiveVersion = 1;
	classes = {
	};
	objectVersion = 54;
	objects = {
		97C171311CF901A1007E115D /* Runner */ = {
			isa = PBXNativeTarget;
			buildConfigurationList = 97C171471CF901A1007E115D /* Build configuration list for PBXNativeTarget "Runner" */;
			buildPhases = (
				9740EEB61CF901F600779339 /* ShellScript */,
				97C1712E1CF901A1007E115D /* Sources */,
				97C1712F1CF901A1007E115D /* Frameworks */,
				97C171301CF901A1007E115D /* Resources */,
			);
			name = Runner;
			productName = Runner;
			productReference = 97C171321CF901A1007E115D /* Runner.app */;
			productType = "com.apple.product-type.application";
		};
		97C171291CF901A1007E115D /* Project object */ = {
			isa = PBXProject;
			attributes = {
				LastUpgradeCheck = 1500;
				TargetAttributes = {
					97C171311CF901A1007E115D = {
						CreatedOnToolsVersion = 7.3.1;
					};
				};
			};
			buildConfigurationList = 97C1712C1CF901A1007E115D /* Build configuration list for PBXProject "Runner" */;
			mainGroup = 97C171281CF901A1007E115D;
			targets = (
				97C171311CF901A1007E115D /* Runner */,
			);
		};
		97C171281CF901A1007E115D = {
			isa = PBXGroup;
			children = (
				97C171311CF901A1007E115D /* Runner */,
			);
			sourceTree = "<group>";
		};
		97C1712C1CF901A1007E115D /* Build configuration list for PBXProject "Runner" */ = {
			isa = XCConfigurationList;
			buildConfigurations = (
				97C171431CF901A1007E115D /* Debug */,
				97C171441CF901A1007E115D /* Release */,
			);
			defaultConfigurationIsVisible = 0;
			defaultConfigurationName = Release;
		};
		97C171471CF901A1007E115D /* Build configuration list for PBXNativeTarget "Runner" */ = {
			isa = XCConfigurationList;
			buildConfigurations = (
				97C171451CF901A1007E115D /* Debug */,
				97C171461CF901A1007E115D /* Release */,
			);
			defaultConfigurationIsVisible = 0;
			defaultConfigurationName = Release;
		};
		97C171431CF901A1007E115D /* Debug */ = { isa = XCBuildConfiguration; name = Debug; };
		97C171441CF901A1007E115D /* Release */ = { isa = XCBuildConfiguration; name = Release; };
		97C171451CF901A1007E115D /* Debug */ = { isa = XCBuildConfiguration; name = Debug; };
		97C171461CF901A1007E115D /* Release */ = { isa = XCBuildConfiguration; name = Release; };
	};
	rootObject = 97C171291CF901A1007E115D /* Project object */;
}
